
Microsoft Visual Studio Solution File, Format Version 10.00
# Visual Studio 2008
Project("{8BC9CEB8-8B4A-11D0-8D11-00A0C91BC942}") = "QtWeb", "QtWeb.vcproj", "{D86D2C20-5C2C-3D74-BCC9-116FCB02575B}"
EndProject
Global
	GlobalSection(SolutionConfigurationPlatforms) = preSolution
		Debug|Win32 = Debug|Win32
		Release PE|Win32 = Release PE|Win32
		Release|Win32 = Release|Win32
		Release44|Win32 = Release44|Win32
	EndGlobalSection
	GlobalSection(ProjectConfigurationPlatforms) = postSolution
		{D86D2C20-5C2C-3D74-BCC9-116FCB02575B}.Debug|Win32.ActiveCfg = Debug|Win32
		{D86D2C20-5C2C-3D74-BCC9-116FCB02575B}.Debug|Win32.Build.0 = Debug|Win32
		{D86D2C20-5C2C-3D74-BCC9-116FCB02575B}.Release PE|Win32.ActiveCfg = Release PE|Win32
		{D86D2C20-5C2C-3D74-BCC9-116FCB02575B}.Release PE|Win32.Build.0 = Release PE|Win32
		{D86D2C20-5C2C-3D74-BCC9-116FCB02575B}.Release|Win32.ActiveCfg = Release|Win32
		{D86D2C20-5C2C-3D74-BCC9-116FCB02575B}.Release|Win32.Build.0 = Release|Win32
		{D86D2C20-5C2C-3D74-BCC9-116FCB02575B}.Release44|Win32.ActiveCfg = Release44|Win32
		{D86D2C20-5C2C-3D74-BCC9-116FCB02575B}.Release44|Win32.Build.0 = Release44|Win32
	EndGlobalSection
	GlobalSection(SolutionProperties) = preSolution
		HideSolutionNode = FALSE
	EndGlobalSection
	GlobalSection(Qt) = preSolution
		Integration = True
	EndGlobalSection
EndGlobal
